// !$*UTF8*$!
{
	archiveVersion = 1;
	classes = {
	};
	objectVersion = 46;
	objects = {

/* Begin PBXBuildFile section */
		19F359B81F7FC58C00286719 /* AppDelegate.swift in Sources */ = {isa = PBXBuildFile; fileRef = 19F359B71F7FC58C00286719 /* AppDelegate.swift */; };
		19F359BA1F7FC58C00286719 /* ViewController.swift in Sources */ = {isa = PBXBuildFile; fileRef = 19F359B91F7FC58C00286719 /* ViewController.swift */; };
		19F359BD1F7FC58C00286719 /* Main.storyboard in Resources */ = {isa = PBXBuildFile; fileRef = 19F359BB1F7FC58C00286719 /* Main.storyboard */; };
		19F359BF1F7FC58C00286719 /* Assets.xcassets in Resources */ = {isa = PBXBuildFile; fileRef = 19F359BE1F7FC58C00286719 /* Assets.xcassets */; };
		19F359C21F7FC58C00286719 /* LaunchScreen.storyboard in Resources */ = {isa = PBXBuildFile; fileRef = 19F359C01F7FC58C00286719 /* LaunchScreen.storyboard */; };
		19F359CA1F7FC81D00286719 /* IMG_8210.jpeg in Resources */ = {isa = PBXBuildFile; fileRef = 19F359C91F7FC81D00286719 /* IMG_8210.jpeg */; };
/* End PBXBuildFile section */

/* Begin PBXFileReference section */
		19F359B41F7FC58C00286719 /* JakeGame.app */ = {isa = PBXFileReference; explicitFileType = wrapper.application; includeInIndex = 0; path = JakeGame.app; sourceTree = BUILT_PRODUCTS_DIR; };
		19F359B71F7FC58C00286719 /* AppDelegate.swift */ = {isa = PBXFileReference; lastKnownFileType = sourcecode.swift; path = AppDelegate.swift; sourceTree = "<group>"; };
		19F359B91F7FC58C00286719 /* ViewController.swift */ = {isa = PBXFileReference; lastKnownFileType = sourcecode.swift; path = ViewController.swift; sourceTree = "<group>"; };
		19F359BC1F7FC58C00286719 /* Base */ = {isa = PBXFileReference; lastKnownFileType = file.storyboard; name = Base; path = Base.lproj/Main.storyboard; sourceTree = "<group>"; };
		19F359BE1F7FC58C00286719 /* Assets.xcassets */ = {isa = PBXFileReference; lastKnownFileType = folder.assetcatalog; path = Assets.xcassets; sourceTree = "<group>"; };
		19F359C11F7FC58C00286719 /* Base */ = {isa = PBXFileReference; lastKnownFileType = file.storyboard; name = Base; path = Base.lproj/LaunchScreen.storyboard; sourceTree = "<group>"; };
		19F359C31F7FC58C00286719 /* Info.plist */ = {isa = PBXFileReference; lastKnownFileType = text.plist.xml; path = Info.plist; sourceTree = "<group>"; };
		19F359C91F7FC81D00286719 /* IMG_8210.jpeg */ = {isa = PBXFileReference; lastKnownFileType = image.jpeg; path = IMG_8210.jpeg; sourceTree = "<group>"; };
/* End PBXFileReference section */

/* Begin PBXFrameworksBuildPhase section */
		19F359B11F7FC58C00286719 /* Frameworks */ = {
			isa = PBXFrameworksBuildPhase;
			buildActionMask = 2147483647;
			files = (
			);
			runOnlyForDeploymentPostprocessing = 0;
		};
/* End PBXFrameworksBuildPhase section */

/* Begin PBXGroup section */
		19F359AB1F7FC58C00286719 = {
			isa = PBXGroup;
			children = (
				19F359B61F7FC58C00286719 /* JakeGame */,
				19F359B51F7FC58C00286719 /* Products */,
			);
			sourceTree = "<group>";
		};
		19F359B51F7FC58C00286719 /* Products */ = {
			isa = PBXGroup;
			children = (
				19F359B41F7FC58C00286719 /* JakeGame.app */,
			);
			name = Products;
			sourceTree = "<group>";
		};
		19F359B61F7FC58C00286719 /* JakeGame */ = {
			isa = PBXGroup;
			children = (
				19F359C91F7FC81D00286719 /* IMG_8210.jpeg */,
				19F359B71F7FC58C00286719 /* AppDelegate.swift */,
				19F359B91F7FC58C00286719 /* ViewController.swift */,
				19F359BB1F7FC58C00286719 /* Main.storyboard */,
				19F359BE1F7FC58C00286719 /* Assets.xcassets */,
				19F359C01F7FC58C00286719 /* LaunchScreen.storyboard */,
				19F359C31F7FC58C00286719 /* Info.plist */,
			);
			path = JakeGame;
			sourceTree = "<group>";
		};
/* End PBXGroup section */

/* Begin PBXNativeTarget section */
		19F359B31F7FC58C00286719 /* JakeGame */ = {
			isa = PBXNativeTarget;
			buildConfigurationList = 19F359C61F7FC58C00286719 /* Build configuration list for PBXNativeTarget "JakeGame" */;
			buildPhases = (
				19F359B01F7FC58C00286719 /* Sources */,
				19F359B11F7FC58C00286719 /* Frameworks */,
				19F359B21F7FC58C00286719 /* Resources */,
			);
			buildRules = (
			);
			dependencies = (
			);
			name = JakeGame;
			productName = JakeGame;
			productReference = 19F359B41F7FC58C00286719 /* JakeGame.app */;
			productType = "com.apple.product-type.application";
		};
/* End PBXNativeTarget section */

/* Begin PBXProject section */
		19F359AC1F7FC58C00286719 /* Project object */ = {
			isa = PBXProject;
			attributes = {
				LastSwiftUpdateCheck = 0830;
				LastUpgradeCheck = 0830;
				ORGANIZATIONNAME = "Tugce Baskan";
				TargetAttributes = {
					19F359B31F7FC58C00286719 = {
						CreatedOnToolsVersion = 8.3.3;
						ProvisioningStyle = Automatic;
					};
				};
			};
			buildConfigurationList = 19F359AF1F7FC58C00286719 /* Build configuration list for PBXProject "JakeGame" */;
			compatibilityVersion = "Xcode 3.2";
			developmentRegion = English;
			hasScannedForEncodings = 0;
			knownRegions = (
				en,
				Base,
			);
			mainGroup = 19F359AB1F7FC58C00286719;
			productRefGroup = 19F359B51F7FC58C00286719 /* Products */;
			projectDirPath = "";
			projectRoot = "";
			targets = (
				19F359B31F7FC58C00286719 /* JakeGame */,
			);
		};
/* End PBXProject section */

/* Begin PBXResourcesBuildPhase section */
		19F359B21F7FC58C00286719 /* Resources */ = {
			isa = PBXResourcesBuildPhase;
			buildActionMask = 2147483647;
			files = (
				19F359C21F7FC58C00286719 /* LaunchScreen.storyboard in Resources */,
				19F359BF1F7FC58C00286719 /* Assets.xcassets in Resources */,
				19F359CA1F7FC81D00286719 /* IMG_8210.jpeg in Resources */,
				19F359BD1F7FC58C00286719 /* Main.storyboard in Resources */,
			);
			runOnlyForDeploymentPostprocessing = 0;
		};
/* End PBXResourcesBuildPhase section */

/* Begin PBXSourcesBuildPhase section */
		19F359B01F7FC58C00286719 /* Sources */ = {
			isa = PBXSourcesBuildPhase;
			buildActionMask = 2147483647;
			files = (
				19F359BA1F7FC58C00286719 /* ViewController.swift in Sources */,
				19F359B81F7FC58C00286719 /* AppDelegate.swift in Sources */,
			);
			runOnlyForDeploymentPostprocessing = 0;
		};
/* End PBXSourcesBuildPhase section */

/* Begin PBXVariantGroup section */
		19F359BB1F7FC58C00286719 /* Main.storyboard */ = {
			isa = PBXVariantGroup;
			children = (
				19F359BC1F7FC58C00286719 /* Base */,
			);
			name = Main.storyboard;
			sourceTree = "<group>";
		};
		19F359C01F7FC58C00286719 /* LaunchScreen.storyboard */ = {
			isa = PBXVariantGroup;
			children = (
				19F359C11F7FC58C00286719 /* Base */,
			);
			name = LaunchScreen.storyboard;
			sourceTree = "<group>";
		};
/* End PBXVariantGroup section */

/* Begin XCBuildConfiguration section */
		19F359C41F7FC58C00286719 /* Debug */ = {
			isa = XCBuildConfiguration;
			buildSettings = {
				ALWAYS_SEARCH_USER_PATHS = NO;
				CLANG_ANALYZER_NONNULL = YES;
				CLANG_ANALYZER_NUMBER_OBJECT_CONVERSION = YES_AGGRESSIVE;
				CLANG_CXX_LANGUAGE_STANDARD = "gnu++0x";
				CLANG_CXX_LIBRARY = "libc++";
				CLANG_ENABLE_MODULES = YES;
				CLANG_ENABLE_OBJC_ARC = YES;
				CLANG_WARN_BOOL_CONVERSION = YES;
				CLANG_WARN_CONSTANT_CONVERSION = YES;
				CLANG_WARN_DIRECT_OBJC_ISA_USAGE = YES_ERROR;
				CLANG_WARN_DOCUMENTATION_COMMENTS = YES;
				CLANG_WARN_EMPTY_BODY = YES;
				CLANG_WARN_ENUM_CONVERSION = YES;
				CLANG_WARN_INFINITE_RECURSION = YES;
				CLANG_WARN_INT_CONVERSION = YES;
				CLANG_WARN_OBJC_ROOT_CLASS = YES_ERROR;
				CLANG_WARN_SUSPICIOUS_MOVE = YES;
				CLANG_WARN_UNREACHABLE_CODE = YES;
				CLANG_WARN__DUPLICATE_METHOD_MATCH = YES;
				"CODE_SIGN_IDENTITY[sdk=iphoneos*]" = "iPhone Developer";
				COPY_PHASE_STRIP = NO;
				DEBUG_INFORMATION_FORMAT = dwarf;
				ENABLE_STRICT_OBJC_MSGSEND = YES;
				ENABLE_TESTABILITY = YES;
				GCC_C_LANGUAGE_STANDARD = gnu99;
				GCC_DYNAMIC_NO_PIC = NO;
				GCC_NO_COMMON_BLOCKS = YES;
				GCC_OPTIMIZATION_LEVEL = 0;
				GCC_PREPROCESSOR_DEFINITIONS = (
					"DEBUG=1",
					"$(inherited)",
				);
				GCC_WARN_64_TO_32_BIT_CONVERSION = YES;
				GCC_WARN_ABOUT_RETURN_TYPE = YES_ERROR;
				GCC_WARN_UNDECLARED_SELECTOR = YES;
				GCC_WARN_UNINITIALIZED_AUTOS = YES_AGGRESSIVE;
				GCC_WARN_UNUSED_FUNCTION = YES;
				GCC_WARN_UNUSED_VARIABLE = YES;
				IPHONEOS_DEPLOYMENT_TARGET = 10.3;
				MTL_ENABLE_DEBUG_INFO = YES;
				ONLY_ACTIVE_ARCH = YES;
				SDKROOT = iphoneos;
				SWIFT_ACTIVE_COMPILATION_CONDITIONS = DEBUG;
				SWIFT_OPTIMIZATION_LEVEL = "-Onone";
				TARGETED_DEVICE_FAMILY = "1,2";
			};
			name = Debug;
		};
		19F359C51F7FC58C00286719 /* Release */ = {
			isa = XCBuildConfiguration;
			buildSettings = {
				ALWAYS_SEARCH_USER_PATHS = NO;
				CLANG_ANALYZER_NONNULL = YES;
				CLANG_ANALYZER_NUMBER_OBJECT_CONVERSION = YES_AGGRESSIVE;
				CLANG_CXX_LANGUAGE_STANDARD = "gnu++0x";
				CLANG_CXX_LIBRARY = "libc++";
				CLANG_ENABLE_MODULES = YES;
				CLANG_ENABLE_OBJC_ARC = YES;
				CLANG_WARN_BOOL_CONVERSION = YES;
				CLANG_WARN_CONSTANT_CONVERSION = YES;
				CLANG_WARN_DIRECT_OBJC_ISA_USAGE = YES_ERROR;
				CLANG_WARN_DOCUMENTATION_COMMENTS = YES;
				CLANG_WARN_EMPTY_BODY = YES;
				CLANG_WARN_ENUM_CONVERSION = YES;
				CLANG_WARN_INFINITE_RECURSION = YES;
				CLANG_WARN_INT_CONVERSION = YES;
				CLANG_WARN_OBJC_ROOT_CLASS = YES_ERROR;
				CLANG_WARN_SUSPICIOUS_MOVE = YES;
				CLANG_WARN_UNREACHABLE_CODE = YES;
				CLANG_WARN__DUPLICATE_METHOD_MATCH = YES;
				"CODE_SIGN_IDENTITY[sdk=iphoneos*]" = "iPhone Developer";
				COPY_PHASE_STRIP = NO;
				DEBUG_INFORMATION_FORMAT = "dwarf-with-dsym";
				ENABLE_NS_ASSERTIONS = NO;
				ENABLE_STRICT_OBJC_MSGSEND = YES;
				GCC_C_LANGUAGE_STANDARD = gnu99;
				GCC_NO_COMMON_BLOCKS = YES;
				GCC_WARN_64_TO_32_BIT_CONVERSION = YES;
				GCC_WARN_ABOUT_RETURN_TYPE = YES_ERROR;
				GCC_WARN_UNDECLARED_SELECTOR = YES;
				GCC_WARN_UNINITIALIZED_AUTOS = YES_AGGRESSIVE;
				GCC_WARN_UNUSED_FUNCTION = YES;
				GCC_WARN_UNUSED_VARIABLE = YES;
				IPHONEOS_DEPLOYMENT_TARGET = 10.3;
				MTL_ENABLE_DEBUG_INFO = NO;
				SDKROOT = iphoneos;
				SWIFT_OPTIMIZATION_LEVEL = "-Owholemodule";
				TARGETED_DEVICE_FAMILY = "1,2";
				VALIDATE_PRODUCT = YES;
			};
			name = Release;
		};
		19F359C71F7FC58C00286719 /* Debug */ = {
			isa = XCBuildConfiguration;
			buildSettings = {
				ASSETCATALOG_COMPILER_APPICON_NAME = AppIcon;
				INFOPLIST_FILE = JakeGame/Info.plist;
				LD_RUNPATH_SEARCH_PATHS = "$(inherited) @executable_path/Frameworks";
				PRODUCT_BUNDLE_IDENTIFIER = com.tugcebaskan.JakeGame;
				PRODUCT_NAME = "$(TARGET_NAME)";
				SWIFT_VERSION = 3.0;
			};
			name = Debug;
		};
		19F359C81F7FC58C00286719 /* Release */ = {
			isa = XCBuildConfiguration;
			buildSettings = {
				ASSETCATALOG_COMPILER_APPICON_NAME = AppIcon;
				INFOPLIST_FILE = JakeGame/Info.plist;
				LD_RUNPATH_SEARCH_PATHS = "$(inherited) @executable_path/Frameworks";
				PRODUCT_BUNDLE_IDENTIFIER = com.tugcebaskan.JakeGame;
				PRODUCT_NAME = "$(TARGET_NAME)";
				SWIFT_VERSION = 3.0;
			};
			name = Release;
		};
/* End XCBuildConfiguration section */

/* Begin XCConfigurationList section */
		19F359AF1F7FC58C00286719 /* Build configuration list for PBXProject "JakeGame" */ = {
			isa = XCConfigurationList;
			buildConfigurations = (
				19F359C41F7FC58C00286719 /* Debug */,
				19F359C51F7FC58C00286719 /* Release */,
			);
			defaultConfigurationIsVisible = 0;
			defaultConfigurationName = Release;
		};
		19F359C61F7FC58C00286719 /* Build configuration list for PBXNativeTarget "JakeGame" */ = {
			isa = XCConfigurationList;
			buildConfigurations = (
				19F359C71F7FC58C00286719 /* Debug */,
				19F359C81F7FC58C00286719 /* Release */,
			);
			defaultConfigurationIsVisible = 0;
			defaultConfigurationName = Release;
		};
/* End XCConfigurationList section */
	};
	rootObject = 19F359AC1F7FC58C00286719 /* Project object */;
}
